
Microsoft Visual Studio Solution File, Format Version 12.00
# Visual Studio Version 17
VisualStudioVersion = 17.8.34316.72
MinimumVisualStudioVersion = 10.0.40219.1
Project("{9A19103F-16F7-4668-BE54-9A1E7A4F7556}") = "WebApi", "WebApi\WebApi.csproj", "{7BAA9D7C-3873-4A8A-8B29-5C442E97F959}"
	ProjectSection(ProjectDependencies) = postProject
		{584815DE-2C7E-4577-85CA-23E57A6FEE9F} = {584815DE-2C7E-4577-85CA-23E57A6FEE9F}
	EndProjectSection
EndProject
Project("{FAE04EC0-301F-11D3-BF4B-00C04F79EFBC}") = "Infrastructure", "Infrastructure\Infrastructure.csproj", "{584815DE-2C7E-4577-85CA-23E57A6FEE9F}"
EndProject
Global
	GlobalSection(SolutionConfigurationPlatforms) = preSolution
		Debug|Any CPU = Debug|Any CPU
		Release|Any CPU = Release|Any CPU
	EndGlobalSection
	GlobalSection(ProjectConfigurationPlatforms) = postSolution
		{7BAA9D7C-3873-4A8A-8B29-5C442E97F959}.Debug|Any CPU.ActiveCfg = Debug|Any CPU
		{7BAA9D7C-3873-4A8A-8B29-5C442E97F959}.Debug|Any CPU.Build.0 = Debug|Any CPU
		{7BAA9D7C-3873-4A8A-8B29-5C442E97F959}.Release|Any CPU.ActiveCfg = Release|Any CPU
		{7BAA9D7C-3873-4A8A-8B29-5C442E97F959}.Release|Any CPU.Build.0 = Release|Any CPU
		{584815DE-2C7E-4577-85CA-23E57A6FEE9F}.Debug|Any CPU.ActiveCfg = Debug|Any CPU
		{584815DE-2C7E-4577-85CA-23E57A6FEE9F}.Debug|Any CPU.Build.0 = Debug|Any CPU
		{584815DE-2C7E-4577-85CA-23E57A6FEE9F}.Release|Any CPU.ActiveCfg = Release|Any CPU
		{584815DE-2C7E-4577-85CA-23E57A6FEE9F}.Release|Any CPU.Build.0 = Release|Any CPU
	EndGlobalSection
	GlobalSection(SolutionProperties) = preSolution
		HideSolutionNode = FALSE
	EndGlobalSection
	GlobalSection(ExtensibilityGlobals) = postSolution
		SolutionGuid = {350D0D35-4836-41D5-8638-36820A965630}
	EndGlobalSection
EndGlobal
